
Microsoft Visual Studio Solution File, Format Version 12.00
# Visual Studio Version 16
VisualStudioVersion = 16.0.31702.278
MinimumVisualStudioVersion = 10.0.40219.1
Project("{9A19103F-16F7-4668-BE54-9A1E7A4F7556}") = "Inflearn", "Inflearn\Inflearn.csproj", "{BB8D50BF-B5A2-4407-BA10-BCE6AE504BB3}"
EndProject
Project("{FAE04EC0-301F-11D3-BF4B-00C04F79EFBC}") = "InflearnMirror", "InflearnMirror\InflearnMirror.csproj", "{83E992C6-8AF8-4F0C-A0A6-9DF01C12A6CC}"
EndProject
Global
	GlobalSection(SolutionConfigurationPlatforms) = preSolution
		Debug|Any CPU = Debug|Any CPU
		Debug|x64 = Debug|x64
		Debug|x86 = Debug|x86
		Release|Any CPU = Release|Any CPU
		Release|x64 = Release|x64
		Release|x86 = Release|x86
	EndGlobalSection
	GlobalSection(ProjectConfigurationPlatforms) = postSolution
		{BB8D50BF-B5A2-4407-BA10-BCE6AE504BB3}.Debug|Any CPU.ActiveCfg = Debug|Any CPU
		{BB8D50BF-B5A2-4407-BA10-BCE6AE504BB3}.Debug|Any CPU.Build.0 = Debug|Any CPU
		{BB8D50BF-B5A2-4407-BA10-BCE6AE504BB3}.Debug|x64.ActiveCfg = Debug|x64
		{BB8D50BF-B5A2-4407-BA10-BCE6AE504BB3}.Debug|x64.Build.0 = Debug|x64
		{BB8D50BF-B5A2-4407-BA10-BCE6AE504BB3}.Debug|x86.ActiveCfg = Debug|x86
		{BB8D50BF-B5A2-4407-BA10-BCE6AE504BB3}.Debug|x86.Build.0 = Debug|x86
		{BB8D50BF-B5A2-4407-BA10-BCE6AE504BB3}.Release|Any CPU.ActiveCfg = Release|Any CPU
		{BB8D50BF-B5A2-4407-BA10-BCE6AE504BB3}.Release|Any CPU.Build.0 = Release|Any CPU
		{BB8D50BF-B5A2-4407-BA10-BCE6AE504BB3}.Release|x64.ActiveCfg = Release|x64
		{BB8D50BF-B5A2-4407-BA10-BCE6AE504BB3}.Release|x64.Build.0 = Release|x64
		{BB8D50BF-B5A2-4407-BA10-BCE6AE504BB3}.Release|x86.ActiveCfg = Release|x86
		{BB8D50BF-B5A2-4407-BA10-BCE6AE504BB3}.Release|x86.Build.0 = Release|x86
		{83E992C6-8AF8-4F0C-A0A6-9DF01C12A6CC}.Debug|Any CPU.ActiveCfg = Debug|Any CPU
		{83E992C6-8AF8-4F0C-A0A6-9DF01C12A6CC}.Debug|Any CPU.Build.0 = Debug|Any CPU
		{83E992C6-8AF8-4F0C-A0A6-9DF01C12A6CC}.Debug|x64.ActiveCfg = Debug|Any CPU
		{83E992C6-8AF8-4F0C-A0A6-9DF01C12A6CC}.Debug|x64.Build.0 = Debug|Any CPU
		{83E992C6-8AF8-4F0C-A0A6-9DF01C12A6CC}.Debug|x86.ActiveCfg = Debug|Any CPU
		{83E992C6-8AF8-4F0C-A0A6-9DF01C12A6CC}.Debug|x86.Build.0 = Debug|Any CPU
		{83E992C6-8AF8-4F0C-A0A6-9DF01C12A6CC}.Release|Any CPU.ActiveCfg = Release|Any CPU
		{83E992C6-8AF8-4F0C-A0A6-9DF01C12A6CC}.Release|Any CPU.Build.0 = Release|Any CPU
		{83E992C6-8AF8-4F0C-A0A6-9DF01C12A6CC}.Release|x64.ActiveCfg = Release|Any CPU
		{83E992C6-8AF8-4F0C-A0A6-9DF01C12A6CC}.Release|x64.Build.0 = Release|Any CPU
		{83E992C6-8AF8-4F0C-A0A6-9DF01C12A6CC}.Release|x86.ActiveCfg = Release|Any CPU
		{83E992C6-8AF8-4F0C-A0A6-9DF01C12A6CC}.Release|x86.Build.0 = Release|Any CPU
	EndGlobalSection
	GlobalSection(SolutionProperties) = preSolution
		HideSolutionNode = FALSE
	EndGlobalSection
	GlobalSection(ExtensibilityGlobals) = postSolution
		SolutionGuid = {FCE48FAF-12C2-41D3-97E0-1A85594C0598}
	EndGlobalSection
EndGlobal
